
Microsoft Visual Studio Solution File, Format Version 12.00
# Visual Studio 15
VisualStudioVersion = 15.0.28010.2048
MinimumVisualStudioVersion = 10.0.40219.1
Project("{FAE04EC0-301F-11D3-BF4B-00C04F79EFBC}") = "Product", "Product\Product.csproj", "{9E0606F7-3E98-4C86-8E02-73B5FFD995E3}"
EndProject
Project("{FAE04EC0-301F-11D3-BF4B-00C04F79EFBC}") = "Project", "Project\Project.csproj", "{FDCD1B71-2565-455F-941A-BD8BD2B281CE}"
	ProjectSection(ProjectDependencies) = postProject
		{51015D46-D53B-4C98-B36A-2E6E1CFF367C} = {51015D46-D53B-4C98-B36A-2E6E1CFF367C}
		{E0B19889-11F2-4020-9BD2-334CD98E7810} = {E0B19889-11F2-4020-9BD2-334CD98E7810}
		{9E0606F7-3E98-4C86-8E02-73B5FFD995E3} = {9E0606F7-3E98-4C86-8E02-73B5FFD995E3}
	EndProjectSection
EndProject
Project("{FAE04EC0-301F-11D3-BF4B-00C04F79EFBC}") = "Customer", "Customer\Customer.csproj", "{41FA4BF1-1247-46DF-BD28-2CBF2F4B140F}"
	ProjectSection(ProjectDependencies) = postProject
		{9E0606F7-3E98-4C86-8E02-73B5FFD995E3} = {9E0606F7-3E98-4C86-8E02-73B5FFD995E3}
	EndProjectSection
EndProject
Project("{8BC9CEB8-8B4A-11D0-8D11-00A0C91BC942}") = "RtxApp", "RtxApp\RtxApp.vcxproj", "{51015D46-D53B-4C98-B36A-2E6E1CFF367C}"
	ProjectSection(ProjectDependencies) = postProject
		{728A2639-5FE6-4E4D-9F53-10E7ECA005BA} = {728A2639-5FE6-4E4D-9F53-10E7ECA005BA}
	EndProjectSection
EndProject
Project("{8BC9CEB8-8B4A-11D0-8D11-00A0C91BC942}") = "RtxLibrary", "RtxLibrary\RtxLibrary.vcxproj", "{E0B19889-11F2-4020-9BD2-334CD98E7810}"
	ProjectSection(ProjectDependencies) = postProject
		{51015D46-D53B-4C98-B36A-2E6E1CFF367C} = {51015D46-D53B-4C98-B36A-2E6E1CFF367C}
	EndProjectSection
EndProject
Project("{8BC9CEB8-8B4A-11D0-8D11-00A0C91BC942}") = "RCustomer", "RCustomer\RCustomer.vcxproj", "{728A2639-5FE6-4E4D-9F53-10E7ECA005BA}"
	ProjectSection(ProjectDependencies) = postProject
		{8CA423F2-A534-44A0-A594-14AEC4DFE7ED} = {8CA423F2-A534-44A0-A594-14AEC4DFE7ED}
	EndProjectSection
EndProject
Project("{8BC9CEB8-8B4A-11D0-8D11-00A0C91BC942}") = "RProduct", "RProduct\RProduct.vcxproj", "{8CA423F2-A534-44A0-A594-14AEC4DFE7ED}"
EndProject
Global
	GlobalSection(SolutionConfigurationPlatforms) = preSolution
		Debug|Any CPU = Debug|Any CPU
		Debug|Mixed Platforms = Debug|Mixed Platforms
		Debug|Win32 = Debug|Win32
		Debug|x64 = Debug|x64
		Debug|x86 = Debug|x86
		Release|Any CPU = Release|Any CPU
		Release|Mixed Platforms = Release|Mixed Platforms
		Release|Win32 = Release|Win32
		Release|x64 = Release|x64
		Release|x86 = Release|x86
		RTSSDebug|Any CPU = RTSSDebug|Any CPU
		RTSSDebug|Mixed Platforms = RTSSDebug|Mixed Platforms
		RTSSDebug|Win32 = RTSSDebug|Win32
		RTSSDebug|x64 = RTSSDebug|x64
		RTSSDebug|x86 = RTSSDebug|x86
		RTSSRelease|Any CPU = RTSSRelease|Any CPU
		RTSSRelease|Mixed Platforms = RTSSRelease|Mixed Platforms
		RTSSRelease|Win32 = RTSSRelease|Win32
		RTSSRelease|x64 = RTSSRelease|x64
		RTSSRelease|x86 = RTSSRelease|x86
		WinDebug|Any CPU = WinDebug|Any CPU
		WinDebug|Mixed Platforms = WinDebug|Mixed Platforms
		WinDebug|Win32 = WinDebug|Win32
		WinDebug|x64 = WinDebug|x64
		WinDebug|x86 = WinDebug|x86
		WinRelease|Any CPU = WinRelease|Any CPU
		WinRelease|Mixed Platforms = WinRelease|Mixed Platforms
		WinRelease|Win32 = WinRelease|Win32
		WinRelease|x64 = WinRelease|x64
		WinRelease|x86 = WinRelease|x86
	EndGlobalSection
	GlobalSection(ProjectConfigurationPlatforms) = postSolution
		{9E0606F7-3E98-4C86-8E02-73B5FFD995E3}.Debug|Any CPU.ActiveCfg = Debug|Any CPU
		{9E0606F7-3E98-4C86-8E02-73B5FFD995E3}.Debug|Any CPU.Build.0 = Debug|Any CPU
		{9E0606F7-3E98-4C86-8E02-73B5FFD995E3}.Debug|Mixed Platforms.ActiveCfg = Debug|Any CPU
		{9E0606F7-3E98-4C86-8E02-73B5FFD995E3}.Debug|Mixed Platforms.Build.0 = Debug|Any CPU
		{9E0606F7-3E98-4C86-8E02-73B5FFD995E3}.Debug|Win32.ActiveCfg = Debug|Any CPU
		{9E0606F7-3E98-4C86-8E02-73B5FFD995E3}.Debug|Win32.Build.0 = Debug|Any CPU
		{9E0606F7-3E98-4C86-8E02-73B5FFD995E3}.Debug|x64.ActiveCfg = Debug|Any CPU
		{9E0606F7-3E98-4C86-8E02-73B5FFD995E3}.Debug|x64.Build.0 = Debug|Any CPU
		{9E0606F7-3E98-4C86-8E02-73B5FFD995E3}.Debug|x86.ActiveCfg = Debug|Any CPU
		{9E0606F7-3E98-4C86-8E02-73B5FFD995E3}.Debug|x86.Build.0 = Debug|Any CPU
		{9E0606F7-3E98-4C86-8E02-73B5FFD995E3}.Release|Any CPU.ActiveCfg = Release|Any CPU
		{9E0606F7-3E98-4C86-8E02-73B5FFD995E3}.Release|Any CPU.Build.0 = Release|Any CPU
		{9E0606F7-3E98-4C86-8E02-73B5FFD995E3}.Release|Mixed Platforms.ActiveCfg = Release|Any CPU
		{9E0606F7-3E98-4C86-8E02-73B5FFD995E3}.Release|Mixed Platforms.Build.0 = Release|Any CPU
		{9E0606F7-3E98-4C86-8E02-73B5FFD995E3}.Release|Win32.ActiveCfg = Release|Any CPU
		{9E0606F7-3E98-4C86-8E02-73B5FFD995E3}.Release|Win32.Build.0 = Release|Any CPU
		{9E0606F7-3E98-4C86-8E02-73B5FFD995E3}.Release|x64.ActiveCfg = Release|Any CPU
		{9E0606F7-3E98-4C86-8E02-73B5FFD995E3}.Release|x64.Build.0 = Release|Any CPU
		{9E0606F7-3E98-4C86-8E02-73B5FFD995E3}.Release|x86.ActiveCfg = Release|Any CPU
		{9E0606F7-3E98-4C86-8E02-73B5FFD995E3}.Release|x86.Build.0 = Release|Any CPU
		{9E0606F7-3E98-4C86-8E02-73B5FFD995E3}.RTSSDebug|Any CPU.ActiveCfg = Debug|Any CPU
		{9E0606F7-3E98-4C86-8E02-73B5FFD995E3}.RTSSDebug|Any CPU.Build.0 = Debug|Any CPU
		{9E0606F7-3E98-4C86-8E02-73B5FFD995E3}.RTSSDebug|Mixed Platforms.ActiveCfg = Debug|Any CPU
		{9E0606F7-3E98-4C86-8E02-73B5FFD995E3}.RTSSDebug|Mixed Platforms.Build.0 = Debug|Any CPU
		{9E0606F7-3E98-4C86-8E02-73B5FFD995E3}.RTSSDebug|Win32.ActiveCfg = Debug|Any CPU
		{9E0606F7-3E98-4C86-8E02-73B5FFD995E3}.RTSSDebug|Win32.Build.0 = Debug|Any CPU
		{9E0606F7-3E98-4C86-8E02-73B5FFD995E3}.RTSSDebug|x64.ActiveCfg = Debug|Any CPU
		{9E0606F7-3E98-4C86-8E02-73B5FFD995E3}.RTSSDebug|x64.Build.0 = Debug|Any CPU
		{9E0606F7-3E98-4C86-8E02-73B5FFD995E3}.RTSSDebug|x86.ActiveCfg = Debug|Any CPU
		{9E0606F7-3E98-4C86-8E02-73B5FFD995E3}.RTSSDebug|x86.Build.0 = Debug|Any CPU
		{9E0606F7-3E98-4C86-8E02-73B5FFD995E3}.RTSSRelease|Any CPU.ActiveCfg = Release|Any CPU
		{9E0606F7-3E98-4C86-8E02-73B5FFD995E3}.RTSSRelease|Any CPU.Build.0 = Release|Any CPU
		{9E0606F7-3E98-4C86-8E02-73B5FFD995E3}.RTSSRelease|Mixed Platforms.ActiveCfg = Release|Any CPU
		{9E0606F7-3E98-4C86-8E02-73B5FFD995E3}.RTSSRelease|Mixed Platforms.Build.0 = Release|Any CPU
		{9E0606F7-3E98-4C86-8E02-73B5FFD995E3}.RTSSRelease|Win32.ActiveCfg = Release|Any CPU
		{9E0606F7-3E98-4C86-8E02-73B5FFD995E3}.RTSSRelease|Win32.Build.0 = Release|Any CPU
		{9E0606F7-3E98-4C86-8E02-73B5FFD995E3}.RTSSRelease|x64.ActiveCfg = Release|Any CPU
		{9E0606F7-3E98-4C86-8E02-73B5FFD995E3}.RTSSRelease|x64.Build.0 = Release|Any CPU
		{9E0606F7-3E98-4C86-8E02-73B5FFD995E3}.RTSSRelease|x86.ActiveCfg = Release|Any CPU
		{9E0606F7-3E98-4C86-8E02-73B5FFD995E3}.RTSSRelease|x86.Build.0 = Release|Any CPU
		{9E0606F7-3E98-4C86-8E02-73B5FFD995E3}.WinDebug|Any CPU.ActiveCfg = WinDebug|Any CPU
		{9E0606F7-3E98-4C86-8E02-73B5FFD995E3}.WinDebug|Any CPU.Build.0 = WinDebug|Any CPU
		{9E0606F7-3E98-4C86-8E02-73B5FFD995E3}.WinDebug|Mixed Platforms.ActiveCfg = WinDebug|Any CPU
		{9E0606F7-3E98-4C86-8E02-73B5FFD995E3}.WinDebug|Mixed Platforms.Build.0 = WinDebug|Any CPU
		{9E0606F7-3E98-4C86-8E02-73B5FFD995E3}.WinDebug|Win32.ActiveCfg = WinDebug|Any CPU
		{9E0606F7-3E98-4C86-8E02-73B5FFD995E3}.WinDebug|Win32.Build.0 = WinDebug|Any CPU
		{9E0606F7-3E98-4C86-8E02-73B5FFD995E3}.WinDebug|x64.ActiveCfg = WinDebug|Any CPU
		{9E0606F7-3E98-4C86-8E02-73B5FFD995E3}.WinDebug|x64.Build.0 = WinDebug|Any CPU
		{9E0606F7-3E98-4C86-8E02-73B5FFD995E3}.WinDebug|x86.ActiveCfg = WinDebug|Any CPU
		{9E0606F7-3E98-4C86-8E02-73B5FFD995E3}.WinDebug|x86.Build.0 = WinDebug|Any CPU
		{9E0606F7-3E98-4C86-8E02-73B5FFD995E3}.WinRelease|Any CPU.ActiveCfg = WinRelease|Any CPU
		{9E0606F7-3E98-4C86-8E02-73B5FFD995E3}.WinRelease|Any CPU.Build.0 = WinRelease|Any CPU
		{9E0606F7-3E98-4C86-8E02-73B5FFD995E3}.WinRelease|Mixed Platforms.ActiveCfg = WinRelease|Any CPU
		{9E0606F7-3E98-4C86-8E02-73B5FFD995E3}.WinRelease|Mixed Platforms.Build.0 = WinRelease|Any CPU
		{9E0606F7-3E98-4C86-8E02-73B5FFD995E3}.WinRelease|Win32.ActiveCfg = WinRelease|Any CPU
		{9E0606F7-3E98-4C86-8E02-73B5FFD995E3}.WinRelease|Win32.Build.0 = WinRelease|Any CPU
		{9E0606F7-3E98-4C86-8E02-73B5FFD995E3}.WinRelease|x64.ActiveCfg = WinRelease|Any CPU
		{9E0606F7-3E98-4C86-8E02-73B5FFD995E3}.WinRelease|x64.Build.0 = WinRelease|Any CPU
		{9E0606F7-3E98-4C86-8E02-73B5FFD995E3}.WinRelease|x86.ActiveCfg = WinRelease|Any CPU
		{9E0606F7-3E98-4C86-8E02-73B5FFD995E3}.WinRelease|x86.Build.0 = WinRelease|Any CPU
		{FDCD1B71-2565-455F-941A-BD8BD2B281CE}.Debug|Any CPU.ActiveCfg = Debug|Any CPU
		{FDCD1B71-2565-455F-941A-BD8BD2B281CE}.Debug|Any CPU.Build.0 = Debug|Any CPU
		{FDCD1B71-2565-455F-941A-BD8BD2B281CE}.Debug|Mixed Platforms.ActiveCfg = Debug|Any CPU
		{FDCD1B71-2565-455F-941A-BD8BD2B281CE}.Debug|Mixed Platforms.Build.0 = Debug|Any CPU
		{FDCD1B71-2565-455F-941A-BD8BD2B281CE}.Debug|Win32.ActiveCfg = Debug|Any CPU
		{FDCD1B71-2565-455F-941A-BD8BD2B281CE}.Debug|Win32.Build.0 = Debug|Any CPU
		{FDCD1B71-2565-455F-941A-BD8BD2B281CE}.Debug|x64.ActiveCfg = Debug|Any CPU
		{FDCD1B71-2565-455F-941A-BD8BD2B281CE}.Debug|x64.Build.0 = Debug|Any CPU
		{FDCD1B71-2565-455F-941A-BD8BD2B281CE}.Debug|x86.ActiveCfg = Debug|Any CPU
		{FDCD1B71-2565-455F-941A-BD8BD2B281CE}.Debug|x86.Build.0 = Debug|Any CPU
		{FDCD1B71-2565-455F-941A-BD8BD2B281CE}.Release|Any CPU.ActiveCfg = Release|Any CPU
		{FDCD1B71-2565-455F-941A-BD8BD2B281CE}.Release|Any CPU.Build.0 = Release|Any CPU
		{FDCD1B71-2565-455F-941A-BD8BD2B281CE}.Release|Mixed Platforms.ActiveCfg = Release|Any CPU
		{FDCD1B71-2565-455F-941A-BD8BD2B281CE}.Release|Mixed Platforms.Build.0 = Release|Any CPU
		{FDCD1B71-2565-455F-941A-BD8BD2B281CE}.Release|Win32.ActiveCfg = Release|Any CPU
		{FDCD1B71-2565-455F-941A-BD8BD2B281CE}.Release|Win32.Build.0 = Release|Any CPU
		{FDCD1B71-2565-455F-941A-BD8BD2B281CE}.Release|x64.ActiveCfg = Release|Any CPU
		{FDCD1B71-2565-455F-941A-BD8BD2B281CE}.Release|x64.Build.0 = Release|Any CPU
		{FDCD1B71-2565-455F-941A-BD8BD2B281CE}.Release|x86.ActiveCfg = Release|Any CPU
		{FDCD1B71-2565-455F-941A-BD8BD2B281CE}.Release|x86.Build.0 = Release|Any CPU
		{FDCD1B71-2565-455F-941A-BD8BD2B281CE}.RTSSDebug|Any CPU.ActiveCfg = Debug|Any CPU
		{FDCD1B71-2565-455F-941A-BD8BD2B281CE}.RTSSDebug|Any CPU.Build.0 = Debug|Any CPU
		{FDCD1B71-2565-455F-941A-BD8BD2B281CE}.RTSSDebug|Mixed Platforms.ActiveCfg = Debug|Any CPU
		{FDCD1B71-2565-455F-941A-BD8BD2B281CE}.RTSSDebug|Mixed Platforms.Build.0 = Debug|Any CPU
		{FDCD1B71-2565-455F-941A-BD8BD2B281CE}.RTSSDebug|Win32.ActiveCfg = Debug|Any CPU
		{FDCD1B71-2565-455F-941A-BD8BD2B281CE}.RTSSDebug|Win32.Build.0 = Debug|Any CPU
		{FDCD1B71-2565-455F-941A-BD8BD2B281CE}.RTSSDebug|x64.ActiveCfg = Debug|Any CPU
		{FDCD1B71-2565-455F-941A-BD8BD2B281CE}.RTSSDebug|x64.Build.0 = Debug|Any CPU
		{FDCD1B71-2565-455F-941A-BD8BD2B281CE}.RTSSDebug|x86.ActiveCfg = Debug|Any CPU
		{FDCD1B71-2565-455F-941A-BD8BD2B281CE}.RTSSDebug|x86.Build.0 = Debug|Any CPU
		{FDCD1B71-2565-455F-941A-BD8BD2B281CE}.RTSSRelease|Any CPU.ActiveCfg = Release|Any CPU
		{FDCD1B71-2565-455F-941A-BD8BD2B281CE}.RTSSRelease|Any CPU.Build.0 = Release|Any CPU
		{FDCD1B71-2565-455F-941A-BD8BD2B281CE}.RTSSRelease|Mixed Platforms.ActiveCfg = Release|Any CPU
		{FDCD1B71-2565-455F-941A-BD8BD2B281CE}.RTSSRelease|Mixed Platforms.Build.0 = Release|Any CPU
		{FDCD1B71-2565-455F-941A-BD8BD2B281CE}.RTSSRelease|Win32.ActiveCfg = Release|Any CPU
		{FDCD1B71-2565-455F-941A-BD8BD2B281CE}.RTSSRelease|Win32.Build.0 = Release|Any CPU
		{FDCD1B71-2565-455F-941A-BD8BD2B281CE}.RTSSRelease|x64.ActiveCfg = RtssRelease|Any CPU
		{FDCD1B71-2565-455F-941A-BD8BD2B281CE}.RTSSRelease|x64.Build.0 = RtssRelease|Any CPU
		{FDCD1B71-2565-455F-941A-BD8BD2B281CE}.RTSSRelease|x86.ActiveCfg = Release|Any CPU
		{FDCD1B71-2565-455F-941A-BD8BD2B281CE}.RTSSRelease|x86.Build.0 = Release|Any CPU
		{FDCD1B71-2565-455F-941A-BD8BD2B281CE}.WinDebug|Any CPU.ActiveCfg = WinDebug|Any CPU
		{FDCD1B71-2565-455F-941A-BD8BD2B281CE}.WinDebug|Any CPU.Build.0 = WinDebug|Any CPU
		{FDCD1B71-2565-455F-941A-BD8BD2B281CE}.WinDebug|Mixed Platforms.ActiveCfg = WinDebug|Any CPU
		{FDCD1B71-2565-455F-941A-BD8BD2B281CE}.WinDebug|Mixed Platforms.Build.0 = WinDebug|Any CPU
		{FDCD1B71-2565-455F-941A-BD8BD2B281CE}.WinDebug|Win32.ActiveCfg = WinDebug|Any CPU
		{FDCD1B71-2565-455F-941A-BD8BD2B281CE}.WinDebug|Win32.Build.0 = WinDebug|Any CPU
		{FDCD1B71-2565-455F-941A-BD8BD2B281CE}.WinDebug|x64.ActiveCfg = WinDebug|Any CPU
		{FDCD1B71-2565-455F-941A-BD8BD2B281CE}.WinDebug|x64.Build.0 = WinDebug|Any CPU
		{FDCD1B71-2565-455F-941A-BD8BD2B281CE}.WinDebug|x86.ActiveCfg = WinDebug|Any CPU
		{FDCD1B71-2565-455F-941A-BD8BD2B281CE}.WinDebug|x86.Build.0 = WinDebug|Any CPU
		{FDCD1B71-2565-455F-941A-BD8BD2B281CE}.WinRelease|Any CPU.ActiveCfg = WinRelease|Any CPU
		{FDCD1B71-2565-455F-941A-BD8BD2B281CE}.WinRelease|Any CPU.Build.0 = WinRelease|Any CPU
		{FDCD1B71-2565-455F-941A-BD8BD2B281CE}.WinRelease|Mixed Platforms.ActiveCfg = WinRelease|Any CPU
		{FDCD1B71-2565-455F-941A-BD8BD2B281CE}.WinRelease|Mixed Platforms.Build.0 = WinRelease|Any CPU
		{FDCD1B71-2565-455F-941A-BD8BD2B281CE}.WinRelease|Win32.ActiveCfg = WinRelease|Any CPU
		{FDCD1B71-2565-455F-941A-BD8BD2B281CE}.WinRelease|Win32.Build.0 = WinRelease|Any CPU
		{FDCD1B71-2565-455F-941A-BD8BD2B281CE}.WinRelease|x64.ActiveCfg = WinRelease|Any CPU
		{FDCD1B71-2565-455F-941A-BD8BD2B281CE}.WinRelease|x64.Build.0 = WinRelease|Any CPU
		{FDCD1B71-2565-455F-941A-BD8BD2B281CE}.WinRelease|x86.ActiveCfg = WinRelease|Any CPU
		{FDCD1B71-2565-455F-941A-BD8BD2B281CE}.WinRelease|x86.Build.0 = WinRelease|Any CPU
		{41FA4BF1-1247-46DF-BD28-2CBF2F4B140F}.Debug|Any CPU.ActiveCfg = Debug|Any CPU
		{41FA4BF1-1247-46DF-BD28-2CBF2F4B140F}.Debug|Any CPU.Build.0 = Debug|Any CPU
		{41FA4BF1-1247-46DF-BD28-2CBF2F4B140F}.Debug|Mixed Platforms.ActiveCfg = Debug|Any CPU
		{41FA4BF1-1247-46DF-BD28-2CBF2F4B140F}.Debug|Mixed Platforms.Build.0 = Debug|Any CPU
		{41FA4BF1-1247-46DF-BD28-2CBF2F4B140F}.Debug|Win32.ActiveCfg = Debug|Any CPU
		{41FA4BF1-1247-46DF-BD28-2CBF2F4B140F}.Debug|Win32.Build.0 = Debug|Any CPU
		{41FA4BF1-1247-46DF-BD28-2CBF2F4B140F}.Debug|x64.ActiveCfg = Debug|Any CPU
		{41FA4BF1-1247-46DF-BD28-2CBF2F4B140F}.Debug|x64.Build.0 = Debug|Any CPU
		{41FA4BF1-1247-46DF-BD28-2CBF2F4B140F}.Debug|x86.ActiveCfg = Debug|Any CPU
		{41FA4BF1-1247-46DF-BD28-2CBF2F4B140F}.Debug|x86.Build.0 = Debug|Any CPU
		{41FA4BF1-1247-46DF-BD28-2CBF2F4B140F}.Release|Any CPU.ActiveCfg = Release|Any CPU
		{41FA4BF1-1247-46DF-BD28-2CBF2F4B140F}.Release|Any CPU.Build.0 = Release|Any CPU
		{41FA4BF1-1247-46DF-BD28-2CBF2F4B140F}.Release|Mixed Platforms.ActiveCfg = Release|Any CPU
		{41FA4BF1-1247-46DF-BD28-2CBF2F4B140F}.Release|Mixed Platforms.Build.0 = Release|Any CPU
		{41FA4BF1-1247-46DF-BD28-2CBF2F4B140F}.Release|Win32.ActiveCfg = Release|Any CPU
		{41FA4BF1-1247-46DF-BD28-2CBF2F4B140F}.Release|Win32.Build.0 = Release|Any CPU
		{41FA4BF1-1247-46DF-BD28-2CBF2F4B140F}.Release|x64.ActiveCfg = Release|Any CPU
		{41FA4BF1-1247-46DF-BD28-2CBF2F4B140F}.Release|x64.Build.0 = Release|Any CPU
		{41FA4BF1-1247-46DF-BD28-2CBF2F4B140F}.Release|x86.ActiveCfg = Release|Any CPU
		{41FA4BF1-1247-46DF-BD28-2CBF2F4B140F}.Release|x86.Build.0 = Release|Any CPU
		{41FA4BF1-1247-46DF-BD28-2CBF2F4B140F}.RTSSDebug|Any CPU.ActiveCfg = Debug|Any CPU
		{41FA4BF1-1247-46DF-BD28-2CBF2F4B140F}.RTSSDebug|Any CPU.Build.0 = Debug|Any CPU
		{41FA4BF1-1247-46DF-BD28-2CBF2F4B140F}.RTSSDebug|Mixed Platforms.ActiveCfg = Debug|Any CPU
		{41FA4BF1-1247-46DF-BD28-2CBF2F4B140F}.RTSSDebug|Mixed Platforms.Build.0 = Debug|Any CPU
		{41FA4BF1-1247-46DF-BD28-2CBF2F4B140F}.RTSSDebug|Win32.ActiveCfg = Debug|Any CPU
		{41FA4BF1-1247-46DF-BD28-2CBF2F4B140F}.RTSSDebug|Win32.Build.0 = Debug|Any CPU
		{41FA4BF1-1247-46DF-BD28-2CBF2F4B140F}.RTSSDebug|x64.ActiveCfg = Debug|Any CPU
		{41FA4BF1-1247-46DF-BD28-2CBF2F4B140F}.RTSSDebug|x64.Build.0 = Debug|Any CPU
		{41FA4BF1-1247-46DF-BD28-2CBF2F4B140F}.RTSSDebug|x86.ActiveCfg = Debug|Any CPU
		{41FA4BF1-1247-46DF-BD28-2CBF2F4B140F}.RTSSDebug|x86.Build.0 = Debug|Any CPU
		{41FA4BF1-1247-46DF-BD28-2CBF2F4B140F}.RTSSRelease|Any CPU.ActiveCfg = Release|Any CPU
		{41FA4BF1-1247-46DF-BD28-2CBF2F4B140F}.RTSSRelease|Any CPU.Build.0 = Release|Any CPU
		{41FA4BF1-1247-46DF-BD28-2CBF2F4B140F}.RTSSRelease|Mixed Platforms.ActiveCfg = Release|Any CPU
		{41FA4BF1-1247-46DF-BD28-2CBF2F4B140F}.RTSSRelease|Mixed Platforms.Build.0 = Release|Any CPU
		{41FA4BF1-1247-46DF-BD28-2CBF2F4B140F}.RTSSRelease|Win32.ActiveCfg = Release|Any CPU
		{41FA4BF1-1247-46DF-BD28-2CBF2F4B140F}.RTSSRelease|Win32.Build.0 = Release|Any CPU
		{41FA4BF1-1247-46DF-BD28-2CBF2F4B140F}.RTSSRelease|x64.ActiveCfg = Release|Any CPU
		{41FA4BF1-1247-46DF-BD28-2CBF2F4B140F}.RTSSRelease|x64.Build.0 = Release|Any CPU
		{41FA4BF1-1247-46DF-BD28-2CBF2F4B140F}.RTSSRelease|x86.ActiveCfg = Release|Any CPU
		{41FA4BF1-1247-46DF-BD28-2CBF2F4B140F}.RTSSRelease|x86.Build.0 = Release|Any CPU
		{41FA4BF1-1247-46DF-BD28-2CBF2F4B140F}.WinDebug|Any CPU.ActiveCfg = WinDebug|Any CPU
		{41FA4BF1-1247-46DF-BD28-2CBF2F4B140F}.WinDebug|Any CPU.Build.0 = WinDebug|Any CPU
		{41FA4BF1-1247-46DF-BD28-2CBF2F4B140F}.WinDebug|Mixed Platforms.ActiveCfg = WinDebug|Any CPU
		{41FA4BF1-1247-46DF-BD28-2CBF2F4B140F}.WinDebug|Mixed Platforms.Build.0 = WinDebug|Any CPU
		{41FA4BF1-1247-46DF-BD28-2CBF2F4B140F}.WinDebug|Win32.ActiveCfg = WinDebug|Any CPU
		{41FA4BF1-1247-46DF-BD28-2CBF2F4B140F}.WinDebug|Win32.Build.0 = WinDebug|Any CPU
		{41FA4BF1-1247-46DF-BD28-2CBF2F4B140F}.WinDebug|x64.ActiveCfg = WinDebug|Any CPU
		{41FA4BF1-1247-46DF-BD28-2CBF2F4B140F}.WinDebug|x64.Build.0 = WinDebug|Any CPU
		{41FA4BF1-1247-46DF-BD28-2CBF2F4B140F}.WinDebug|x86.ActiveCfg = WinDebug|Any CPU
		{41FA4BF1-1247-46DF-BD28-2CBF2F4B140F}.WinDebug|x86.Build.0 = WinDebug|Any CPU
		{41FA4BF1-1247-46DF-BD28-2CBF2F4B140F}.WinRelease|Any CPU.ActiveCfg = WinRelease|Any CPU
		{41FA4BF1-1247-46DF-BD28-2CBF2F4B140F}.WinRelease|Any CPU.Build.0 = WinRelease|Any CPU
		{41FA4BF1-1247-46DF-BD28-2CBF2F4B140F}.WinRelease|Mixed Platforms.ActiveCfg = WinRelease|Any CPU
		{41FA4BF1-1247-46DF-BD28-2CBF2F4B140F}.WinRelease|Mixed Platforms.Build.0 = WinRelease|Any CPU
		{41FA4BF1-1247-46DF-BD28-2CBF2F4B140F}.WinRelease|Win32.ActiveCfg = WinRelease|Any CPU
		{41FA4BF1-1247-46DF-BD28-2CBF2F4B140F}.WinRelease|Win32.Build.0 = WinRelease|Any CPU
		{41FA4BF1-1247-46DF-BD28-2CBF2F4B140F}.WinRelease|x64.ActiveCfg = WinRelease|Any CPU
		{41FA4BF1-1247-46DF-BD28-2CBF2F4B140F}.WinRelease|x64.Build.0 = WinRelease|Any CPU
		{41FA4BF1-1247-46DF-BD28-2CBF2F4B140F}.WinRelease|x86.ActiveCfg = WinRelease|Any CPU
		{41FA4BF1-1247-46DF-BD28-2CBF2F4B140F}.WinRelease|x86.Build.0 = WinRelease|Any CPU
		{51015D46-D53B-4C98-B36A-2E6E1CFF367C}.Debug|Any CPU.ActiveCfg = Debug|x64
		{51015D46-D53B-4C98-B36A-2E6E1CFF367C}.Debug|Any CPU.Build.0 = Debug|x64
		{51015D46-D53B-4C98-B36A-2E6E1CFF367C}.Debug|Mixed Platforms.ActiveCfg = Debug|x64
		{51015D46-D53B-4C98-B36A-2E6E1CFF367C}.Debug|Mixed Platforms.Build.0 = Debug|x64
		{51015D46-D53B-4C98-B36A-2E6E1CFF367C}.Debug|Win32.ActiveCfg = Debug|x64
		{51015D46-D53B-4C98-B36A-2E6E1CFF367C}.Debug|x64.ActiveCfg = Debug|x64
		{51015D46-D53B-4C98-B36A-2E6E1CFF367C}.Debug|x64.Build.0 = Debug|x64
		{51015D46-D53B-4C98-B36A-2E6E1CFF367C}.Debug|x86.ActiveCfg = Debug|x64
		{51015D46-D53B-4C98-B36A-2E6E1CFF367C}.Release|Any CPU.ActiveCfg = Release|x64
		{51015D46-D53B-4C98-B36A-2E6E1CFF367C}.Release|Any CPU.Build.0 = Release|x64
		{51015D46-D53B-4C98-B36A-2E6E1CFF367C}.Release|Mixed Platforms.ActiveCfg = Release|x64
		{51015D46-D53B-4C98-B36A-2E6E1CFF367C}.Release|Mixed Platforms.Build.0 = Release|x64
		{51015D46-D53B-4C98-B36A-2E6E1CFF367C}.Release|Win32.ActiveCfg = Release|x64
		{51015D46-D53B-4C98-B36A-2E6E1CFF367C}.Release|x64.ActiveCfg = Release|x64
		{51015D46-D53B-4C98-B36A-2E6E1CFF367C}.Release|x64.Build.0 = Release|x64
		{51015D46-D53B-4C98-B36A-2E6E1CFF367C}.Release|x86.ActiveCfg = Release|x64
		{51015D46-D53B-4C98-B36A-2E6E1CFF367C}.RTSSDebug|Any CPU.ActiveCfg = RtssDebug|x64
		{51015D46-D53B-4C98-B36A-2E6E1CFF367C}.RTSSDebug|Any CPU.Build.0 = RtssDebug|x64
		{51015D46-D53B-4C98-B36A-2E6E1CFF367C}.RTSSDebug|Mixed Platforms.ActiveCfg = RtssDebug|x64
		{51015D46-D53B-4C98-B36A-2E6E1CFF367C}.RTSSDebug|Mixed Platforms.Build.0 = RtssDebug|x64
		{51015D46-D53B-4C98-B36A-2E6E1CFF367C}.RTSSDebug|Win32.ActiveCfg = RtssDebug|x64
		{51015D46-D53B-4C98-B36A-2E6E1CFF367C}.RTSSDebug|x64.ActiveCfg = RtssDebug|x64
		{51015D46-D53B-4C98-B36A-2E6E1CFF367C}.RTSSDebug|x64.Build.0 = RtssDebug|x64
		{51015D46-D53B-4C98-B36A-2E6E1CFF367C}.RTSSDebug|x86.ActiveCfg = RtssDebug|x64
		{51015D46-D53B-4C98-B36A-2E6E1CFF367C}.RTSSRelease|Any CPU.ActiveCfg = RtssRelease|x64
		{51015D46-D53B-4C98-B36A-2E6E1CFF367C}.RTSSRelease|Any CPU.Build.0 = RtssRelease|x64
		{51015D46-D53B-4C98-B36A-2E6E1CFF367C}.RTSSRelease|Mixed Platforms.ActiveCfg = RtssRelease|x64
		{51015D46-D53B-4C98-B36A-2E6E1CFF367C}.RTSSRelease|Mixed Platforms.Build.0 = RtssRelease|x64
		{51015D46-D53B-4C98-B36A-2E6E1CFF367C}.RTSSRelease|Win32.ActiveCfg = RtssRelease|x64
		{51015D46-D53B-4C98-B36A-2E6E1CFF367C}.RTSSRelease|x64.ActiveCfg = RtssRelease|x64
		{51015D46-D53B-4C98-B36A-2E6E1CFF367C}.RTSSRelease|x64.Build.0 = RtssRelease|x64
		{51015D46-D53B-4C98-B36A-2E6E1CFF367C}.RTSSRelease|x86.ActiveCfg = RtssRelease|x64
		{51015D46-D53B-4C98-B36A-2E6E1CFF367C}.WinDebug|Any CPU.ActiveCfg = WinDebug|x64
		{51015D46-D53B-4C98-B36A-2E6E1CFF367C}.WinDebug|Any CPU.Build.0 = WinDebug|x64
		{51015D46-D53B-4C98-B36A-2E6E1CFF367C}.WinDebug|Mixed Platforms.ActiveCfg = WinDebug|x64
		{51015D46-D53B-4C98-B36A-2E6E1CFF367C}.WinDebug|Mixed Platforms.Build.0 = WinDebug|x64
		{51015D46-D53B-4C98-B36A-2E6E1CFF367C}.WinDebug|Win32.ActiveCfg = WinDebug|x64
		{51015D46-D53B-4C98-B36A-2E6E1CFF367C}.WinDebug|x64.ActiveCfg = WinDebug|x64
		{51015D46-D53B-4C98-B36A-2E6E1CFF367C}.WinDebug|x64.Build.0 = WinDebug|x64
		{51015D46-D53B-4C98-B36A-2E6E1CFF367C}.WinDebug|x86.ActiveCfg = WinDebug|x64
		{51015D46-D53B-4C98-B36A-2E6E1CFF367C}.WinRelease|Any CPU.ActiveCfg = WinRelease|x64
		{51015D46-D53B-4C98-B36A-2E6E1CFF367C}.WinRelease|Any CPU.Build.0 = WinRelease|x64
		{51015D46-D53B-4C98-B36A-2E6E1CFF367C}.WinRelease|Mixed Platforms.ActiveCfg = WinRelease|x64
		{51015D46-D53B-4C98-B36A-2E6E1CFF367C}.WinRelease|Mixed Platforms.Build.0 = WinRelease|x64
		{51015D46-D53B-4C98-B36A-2E6E1CFF367C}.WinRelease|Win32.ActiveCfg = WinRelease|x64
		{51015D46-D53B-4C98-B36A-2E6E1CFF367C}.WinRelease|x64.ActiveCfg = WinRelease|x64
		{51015D46-D53B-4C98-B36A-2E6E1CFF367C}.WinRelease|x64.Build.0 = WinRelease|x64
		{51015D46-D53B-4C98-B36A-2E6E1CFF367C}.WinRelease|x86.ActiveCfg = WinRelease|x64
		{E0B19889-11F2-4020-9BD2-334CD98E7810}.Debug|Any CPU.ActiveCfg = Debug|x64
		{E0B19889-11F2-4020-9BD2-334CD98E7810}.Debug|Any CPU.Build.0 = Debug|x64
		{E0B19889-11F2-4020-9BD2-334CD98E7810}.Debug|Mixed Platforms.ActiveCfg = Debug|x64
		{E0B19889-11F2-4020-9BD2-334CD98E7810}.Debug|Mixed Platforms.Build.0 = Debug|x64
		{E0B19889-11F2-4020-9BD2-334CD98E7810}.Debug|Win32.ActiveCfg = Debug|x64
		{E0B19889-11F2-4020-9BD2-334CD98E7810}.Debug|x64.ActiveCfg = Debug|x64
		{E0B19889-11F2-4020-9BD2-334CD98E7810}.Debug|x64.Build.0 = Debug|x64
		{E0B19889-11F2-4020-9BD2-334CD98E7810}.Debug|x86.ActiveCfg = Debug|x64
		{E0B19889-11F2-4020-9BD2-334CD98E7810}.Release|Any CPU.ActiveCfg = Release|x64
		{E0B19889-11F2-4020-9BD2-334CD98E7810}.Release|Any CPU.Build.0 = Release|x64
		{E0B19889-11F2-4020-9BD2-334CD98E7810}.Release|Mixed Platforms.ActiveCfg = Release|x64
		{E0B19889-11F2-4020-9BD2-334CD98E7810}.Release|Mixed Platforms.Build.0 = Release|x64
		{E0B19889-11F2-4020-9BD2-334CD98E7810}.Release|Win32.ActiveCfg = Release|x64
		{E0B19889-11F2-4020-9BD2-334CD98E7810}.Release|x64.ActiveCfg = Release|x64
		{E0B19889-11F2-4020-9BD2-334CD98E7810}.Release|x64.Build.0 = Release|x64
		{E0B19889-11F2-4020-9BD2-334CD98E7810}.Release|x86.ActiveCfg = Release|x64
		{E0B19889-11F2-4020-9BD2-334CD98E7810}.RTSSDebug|Any CPU.ActiveCfg = RtssDebug|x64
		{E0B19889-11F2-4020-9BD2-334CD98E7810}.RTSSDebug|Any CPU.Build.0 = RtssDebug|x64
		{E0B19889-11F2-4020-9BD2-334CD98E7810}.RTSSDebug|Mixed Platforms.ActiveCfg = RtssDebug|x64
		{E0B19889-11F2-4020-9BD2-334CD98E7810}.RTSSDebug|Mixed Platforms.Build.0 = RtssDebug|x64
		{E0B19889-11F2-4020-9BD2-334CD98E7810}.RTSSDebug|Win32.ActiveCfg = RtssDebug|x64
		{E0B19889-11F2-4020-9BD2-334CD98E7810}.RTSSDebug|x64.ActiveCfg = RtssDebug|x64
		{E0B19889-11F2-4020-9BD2-334CD98E7810}.RTSSDebug|x64.Build.0 = RtssDebug|x64
		{E0B19889-11F2-4020-9BD2-334CD98E7810}.RTSSDebug|x86.ActiveCfg = RtssDebug|x64
		{E0B19889-11F2-4020-9BD2-334CD98E7810}.RTSSRelease|Any CPU.ActiveCfg = RtssRelease|x64
		{E0B19889-11F2-4020-9BD2-334CD98E7810}.RTSSRelease|Any CPU.Build.0 = RtssRelease|x64
		{E0B19889-11F2-4020-9BD2-334CD98E7810}.RTSSRelease|Mixed Platforms.ActiveCfg = RtssRelease|x64
		{E0B19889-11F2-4020-9BD2-334CD98E7810}.RTSSRelease|Mixed Platforms.Build.0 = RtssRelease|x64
		{E0B19889-11F2-4020-9BD2-334CD98E7810}.RTSSRelease|Win32.ActiveCfg = RtssRelease|x64
		{E0B19889-11F2-4020-9BD2-334CD98E7810}.RTSSRelease|x64.ActiveCfg = WinRelease|x64
		{E0B19889-11F2-4020-9BD2-334CD98E7810}.RTSSRelease|x64.Build.0 = WinRelease|x64
		{E0B19889-11F2-4020-9BD2-334CD98E7810}.RTSSRelease|x86.ActiveCfg = RtssRelease|x64
		{E0B19889-11F2-4020-9BD2-334CD98E7810}.WinDebug|Any CPU.ActiveCfg = WinDebug|x64
		{E0B19889-11F2-4020-9BD2-334CD98E7810}.WinDebug|Any CPU.Build.0 = WinDebug|x64
		{E0B19889-11F2-4020-9BD2-334CD98E7810}.WinDebug|Mixed Platforms.ActiveCfg = WinDebug|x64
		{E0B19889-11F2-4020-9BD2-334CD98E7810}.WinDebug|Mixed Platforms.Build.0 = WinDebug|x64
		{E0B19889-11F2-4020-9BD2-334CD98E7810}.WinDebug|Win32.ActiveCfg = WinDebug|x64
		{E0B19889-11F2-4020-9BD2-334CD98E7810}.WinDebug|x64.ActiveCfg = WinDebug|x64
		{E0B19889-11F2-4020-9BD2-334CD98E7810}.WinDebug|x64.Build.0 = WinDebug|x64
		{E0B19889-11F2-4020-9BD2-334CD98E7810}.WinDebug|x86.ActiveCfg = WinDebug|x64
		{E0B19889-11F2-4020-9BD2-334CD98E7810}.WinRelease|Any CPU.ActiveCfg = WinRelease|x64
		{E0B19889-11F2-4020-9BD2-334CD98E7810}.WinRelease|Any CPU.Build.0 = WinRelease|x64
		{E0B19889-11F2-4020-9BD2-334CD98E7810}.WinRelease|Mixed Platforms.ActiveCfg = WinRelease|x64
		{E0B19889-11F2-4020-9BD2-334CD98E7810}.WinRelease|Mixed Platforms.Build.0 = WinRelease|x64
		{E0B19889-11F2-4020-9BD2-334CD98E7810}.WinRelease|Win32.ActiveCfg = WinRelease|x64
		{E0B19889-11F2-4020-9BD2-334CD98E7810}.WinRelease|x64.ActiveCfg = WinRelease|x64
		{E0B19889-11F2-4020-9BD2-334CD98E7810}.WinRelease|x64.Build.0 = WinRelease|x64
		{E0B19889-11F2-4020-9BD2-334CD98E7810}.WinRelease|x86.ActiveCfg = WinRelease|x64
		{728A2639-5FE6-4E4D-9F53-10E7ECA005BA}.Debug|Any CPU.ActiveCfg = Debug|x64
		{728A2639-5FE6-4E4D-9F53-10E7ECA005BA}.Debug|Any CPU.Build.0 = Debug|x64
		{728A2639-5FE6-4E4D-9F53-10E7ECA005BA}.Debug|Mixed Platforms.ActiveCfg = Debug|x64
		{728A2639-5FE6-4E4D-9F53-10E7ECA005BA}.Debug|Mixed Platforms.Build.0 = Debug|x64
		{728A2639-5FE6-4E4D-9F53-10E7ECA005BA}.Debug|Win32.ActiveCfg = Debug|x64
		{728A2639-5FE6-4E4D-9F53-10E7ECA005BA}.Debug|x64.ActiveCfg = Debug|x64
		{728A2639-5FE6-4E4D-9F53-10E7ECA005BA}.Debug|x64.Build.0 = Debug|x64
		{728A2639-5FE6-4E4D-9F53-10E7ECA005BA}.Debug|x86.ActiveCfg = Debug|x64
		{728A2639-5FE6-4E4D-9F53-10E7ECA005BA}.Release|Any CPU.ActiveCfg = Release|x64
		{728A2639-5FE6-4E4D-9F53-10E7ECA005BA}.Release|Any CPU.Build.0 = Release|x64
		{728A2639-5FE6-4E4D-9F53-10E7ECA005BA}.Release|Mixed Platforms.ActiveCfg = Release|x64
		{728A2639-5FE6-4E4D-9F53-10E7ECA005BA}.Release|Mixed Platforms.Build.0 = Release|x64
		{728A2639-5FE6-4E4D-9F53-10E7ECA005BA}.Release|Win32.ActiveCfg = Release|x64
		{728A2639-5FE6-4E4D-9F53-10E7ECA005BA}.Release|x64.ActiveCfg = Release|x64
		{728A2639-5FE6-4E4D-9F53-10E7ECA005BA}.Release|x64.Build.0 = Release|x64
		{728A2639-5FE6-4E4D-9F53-10E7ECA005BA}.Release|x86.ActiveCfg = Release|x64
		{728A2639-5FE6-4E4D-9F53-10E7ECA005BA}.RTSSDebug|Any CPU.ActiveCfg = RtssDebug|x64
		{728A2639-5FE6-4E4D-9F53-10E7ECA005BA}.RTSSDebug|Any CPU.Build.0 = RtssDebug|x64
		{728A2639-5FE6-4E4D-9F53-10E7ECA005BA}.RTSSDebug|Mixed Platforms.ActiveCfg = RtssDebug|x64
		{728A2639-5FE6-4E4D-9F53-10E7ECA005BA}.RTSSDebug|Mixed Platforms.Build.0 = RtssDebug|x64
		{728A2639-5FE6-4E4D-9F53-10E7ECA005BA}.RTSSDebug|Win32.ActiveCfg = RtssDebug|x64
		{728A2639-5FE6-4E4D-9F53-10E7ECA005BA}.RTSSDebug|x64.ActiveCfg = RtssDebug|x64
		{728A2639-5FE6-4E4D-9F53-10E7ECA005BA}.RTSSDebug|x64.Build.0 = RtssDebug|x64
		{728A2639-5FE6-4E4D-9F53-10E7ECA005BA}.RTSSDebug|x86.ActiveCfg = RtssDebug|x64
		{728A2639-5FE6-4E4D-9F53-10E7ECA005BA}.RTSSRelease|Any CPU.ActiveCfg = RtssRelease|x64
		{728A2639-5FE6-4E4D-9F53-10E7ECA005BA}.RTSSRelease|Any CPU.Build.0 = RtssRelease|x64
		{728A2639-5FE6-4E4D-9F53-10E7ECA005BA}.RTSSRelease|Mixed Platforms.ActiveCfg = RtssRelease|x64
		{728A2639-5FE6-4E4D-9F53-10E7ECA005BA}.RTSSRelease|Mixed Platforms.Build.0 = RtssRelease|x64
		{728A2639-5FE6-4E4D-9F53-10E7ECA005BA}.RTSSRelease|Win32.ActiveCfg = RtssRelease|x64
		{728A2639-5FE6-4E4D-9F53-10E7ECA005BA}.RTSSRelease|x64.ActiveCfg = RtssRelease|x64
		{728A2639-5FE6-4E4D-9F53-10E7ECA005BA}.RTSSRelease|x64.Build.0 = RtssRelease|x64
		{728A2639-5FE6-4E4D-9F53-10E7ECA005BA}.RTSSRelease|x86.ActiveCfg = RtssRelease|x64
		{728A2639-5FE6-4E4D-9F53-10E7ECA005BA}.WinDebug|Any CPU.ActiveCfg = WinDebug|x64
		{728A2639-5FE6-4E4D-9F53-10E7ECA005BA}.WinDebug|Any CPU.Build.0 = WinDebug|x64
		{728A2639-5FE6-4E4D-9F53-10E7ECA005BA}.WinDebug|Mixed Platforms.ActiveCfg = WinDebug|x64
		{728A2639-5FE6-4E4D-9F53-10E7ECA005BA}.WinDebug|Mixed Platforms.Build.0 = WinDebug|x64
		{728A2639-5FE6-4E4D-9F53-10E7ECA005BA}.WinDebug|Win32.ActiveCfg = WinDebug|x64
		{728A2639-5FE6-4E4D-9F53-10E7ECA005BA}.WinDebug|x64.ActiveCfg = WinDebug|x64
		{728A2639-5FE6-4E4D-9F53-10E7ECA005BA}.WinDebug|x64.Build.0 = WinDebug|x64
		{728A2639-5FE6-4E4D-9F53-10E7ECA005BA}.WinDebug|x86.ActiveCfg = WinDebug|x64
		{728A2639-5FE6-4E4D-9F53-10E7ECA005BA}.WinRelease|Any CPU.ActiveCfg = WinRelease|x64
		{728A2639-5FE6-4E4D-9F53-10E7ECA005BA}.WinRelease|Any CPU.Build.0 = WinRelease|x64
		{728A2639-5FE6-4E4D-9F53-10E7ECA005BA}.WinRelease|Mixed Platforms.ActiveCfg = WinRelease|x64
		{728A2639-5FE6-4E4D-9F53-10E7ECA005BA}.WinRelease|Mixed Platforms.Build.0 = WinRelease|x64
		{728A2639-5FE6-4E4D-9F53-10E7ECA005BA}.WinRelease|Win32.ActiveCfg = WinRelease|x64
		{728A2639-5FE6-4E4D-9F53-10E7ECA005BA}.WinRelease|x64.ActiveCfg = WinRelease|x64
		{728A2639-5FE6-4E4D-9F53-10E7ECA005BA}.WinRelease|x64.Build.0 = WinRelease|x64
		{728A2639-5FE6-4E4D-9F53-10E7ECA005BA}.WinRelease|x86.ActiveCfg = WinRelease|x64
		{8CA423F2-A534-44A0-A594-14AEC4DFE7ED}.Debug|Any CPU.ActiveCfg = Debug|x64
		{8CA423F2-A534-44A0-A594-14AEC4DFE7ED}.Debug|Any CPU.Build.0 = Debug|x64
		{8CA423F2-A534-44A0-A594-14AEC4DFE7ED}.Debug|Mixed Platforms.ActiveCfg = Debug|x64
		{8CA423F2-A534-44A0-A594-14AEC4DFE7ED}.Debug|Mixed Platforms.Build.0 = Debug|x64
		{8CA423F2-A534-44A0-A594-14AEC4DFE7ED}.Debug|Win32.ActiveCfg = Debug|x64
		{8CA423F2-A534-44A0-A594-14AEC4DFE7ED}.Debug|x64.ActiveCfg = Debug|x64
		{8CA423F2-A534-44A0-A594-14AEC4DFE7ED}.Debug|x64.Build.0 = Debug|x64
		{8CA423F2-A534-44A0-A594-14AEC4DFE7ED}.Debug|x86.ActiveCfg = Debug|x64
		{8CA423F2-A534-44A0-A594-14AEC4DFE7ED}.Release|Any CPU.ActiveCfg = Release|x64
		{8CA423F2-A534-44A0-A594-14AEC4DFE7ED}.Release|Any CPU.Build.0 = Release|x64
		{8CA423F2-A534-44A0-A594-14AEC4DFE7ED}.Release|Mixed Platforms.ActiveCfg = Release|x64
		{8CA423F2-A534-44A0-A594-14AEC4DFE7ED}.Release|Mixed Platforms.Build.0 = Release|x64
		{8CA423F2-A534-44A0-A594-14AEC4DFE7ED}.Release|Win32.ActiveCfg = Release|x64
		{8CA423F2-A534-44A0-A594-14AEC4DFE7ED}.Release|x64.ActiveCfg = Release|x64
		{8CA423F2-A534-44A0-A594-14AEC4DFE7ED}.Release|x64.Build.0 = Release|x64
		{8CA423F2-A534-44A0-A594-14AEC4DFE7ED}.Release|x86.ActiveCfg = Release|x64
		{8CA423F2-A534-44A0-A594-14AEC4DFE7ED}.RTSSDebug|Any CPU.ActiveCfg = RtssDebug|x64
		{8CA423F2-A534-44A0-A594-14AEC4DFE7ED}.RTSSDebug|Any CPU.Build.0 = RtssDebug|x64
		{8CA423F2-A534-44A0-A594-14AEC4DFE7ED}.RTSSDebug|Mixed Platforms.ActiveCfg = RtssDebug|x64
		{8CA423F2-A534-44A0-A594-14AEC4DFE7ED}.RTSSDebug|Mixed Platforms.Build.0 = RtssDebug|x64
		{8CA423F2-A534-44A0-A594-14AEC4DFE7ED}.RTSSDebug|Win32.ActiveCfg = RtssDebug|x64
		{8CA423F2-A534-44A0-A594-14AEC4DFE7ED}.RTSSDebug|x64.ActiveCfg = RtssDebug|x64
		{8CA423F2-A534-44A0-A594-14AEC4DFE7ED}.RTSSDebug|x64.Build.0 = RtssDebug|x64
		{8CA423F2-A534-44A0-A594-14AEC4DFE7ED}.RTSSDebug|x86.ActiveCfg = RtssDebug|x64
		{8CA423F2-A534-44A0-A594-14AEC4DFE7ED}.RTSSRelease|Any CPU.ActiveCfg = RtssRelease|x64
		{8CA423F2-A534-44A0-A594-14AEC4DFE7ED}.RTSSRelease|Any CPU.Build.0 = RtssRelease|x64
		{8CA423F2-A534-44A0-A594-14AEC4DFE7ED}.RTSSRelease|Mixed Platforms.ActiveCfg = RtssRelease|x64
		{8CA423F2-A534-44A0-A594-14AEC4DFE7ED}.RTSSRelease|Mixed Platforms.Build.0 = RtssRelease|x64
		{8CA423F2-A534-44A0-A594-14AEC4DFE7ED}.RTSSRelease|Win32.ActiveCfg = RtssRelease|x64
		{8CA423F2-A534-44A0-A594-14AEC4DFE7ED}.RTSSRelease|x64.ActiveCfg = RtssRelease|x64
		{8CA423F2-A534-44A0-A594-14AEC4DFE7ED}.RTSSRelease|x64.Build.0 = RtssRelease|x64
		{8CA423F2-A534-44A0-A594-14AEC4DFE7ED}.RTSSRelease|x86.ActiveCfg = RtssRelease|x64
		{8CA423F2-A534-44A0-A594-14AEC4DFE7ED}.WinDebug|Any CPU.ActiveCfg = WinDebug|x64
		{8CA423F2-A534-44A0-A594-14AEC4DFE7ED}.WinDebug|Any CPU.Build.0 = WinDebug|x64
		{8CA423F2-A534-44A0-A594-14AEC4DFE7ED}.WinDebug|Mixed Platforms.ActiveCfg = WinDebug|x64
		{8CA423F2-A534-44A0-A594-14AEC4DFE7ED}.WinDebug|Mixed Platforms.Build.0 = WinDebug|x64
		{8CA423F2-A534-44A0-A594-14AEC4DFE7ED}.WinDebug|Win32.ActiveCfg = WinDebug|x64
		{8CA423F2-A534-44A0-A594-14AEC4DFE7ED}.WinDebug|x64.ActiveCfg = WinDebug|x64
		{8CA423F2-A534-44A0-A594-14AEC4DFE7ED}.WinDebug|x64.Build.0 = WinDebug|x64
		{8CA423F2-A534-44A0-A594-14AEC4DFE7ED}.WinDebug|x86.ActiveCfg = WinDebug|x64
		{8CA423F2-A534-44A0-A594-14AEC4DFE7ED}.WinRelease|Any CPU.ActiveCfg = WinRelease|x64
		{8CA423F2-A534-44A0-A594-14AEC4DFE7ED}.WinRelease|Any CPU.Build.0 = WinRelease|x64
		{8CA423F2-A534-44A0-A594-14AEC4DFE7ED}.WinRelease|Mixed Platforms.ActiveCfg = WinRelease|x64
		{8CA423F2-A534-44A0-A594-14AEC4DFE7ED}.WinRelease|Mixed Platforms.Build.0 = WinRelease|x64
		{8CA423F2-A534-44A0-A594-14AEC4DFE7ED}.WinRelease|Win32.ActiveCfg = WinRelease|x64
		{8CA423F2-A534-44A0-A594-14AEC4DFE7ED}.WinRelease|x64.ActiveCfg = WinRelease|x64
		{8CA423F2-A534-44A0-A594-14AEC4DFE7ED}.WinRelease|x64.Build.0 = WinRelease|x64
		{8CA423F2-A534-44A0-A594-14AEC4DFE7ED}.WinRelease|x86.ActiveCfg = WinRelease|x64
	EndGlobalSection
	GlobalSection(SolutionProperties) = preSolution
		HideSolutionNode = FALSE
	EndGlobalSection
	GlobalSection(ExtensibilityGlobals) = postSolution
		SolutionGuid = {BF36035E-69E8-410A-9E8C-E3A9E84C1287}
	EndGlobalSection
EndGlobal
