<?xml version="1.0" encoding="utf-8"?>
<Project ToolsVersion="4.0" xmlns="http://schemas.microsoft.com/developer/msbuild/2003">
  <ItemGroup>
    <Filter Include="Source Files">
      <UniqueIdentifier>{4FC737F1-C7A5-4376-A066-2A32D752A2FF}</UniqueIdentifier>
      <Extensions>cpp;c;cc;cxx;def;odl;idl;hpj;bat;asm;asmx</Extensions>
    </Filter>
    <Filter Include="Header Files">
      <UniqueIdentifier>{93995380-89BD-4b04-88EB-625FBE52EBFB}</UniqueIdentifier>
      <Extensions>h;hpp;hxx;hm;inl;inc;xsd</Extensions>
    </Filter>
    <Filter Include="Resource Files">
      <UniqueIdentifier>{67DA6AB6-F800-4c08-8B7A-83BB121AAD01}</UniqueIdentifier>
      <Extensions>rc;ico;cur;bmp;dlg;rc2;rct;bin;rgs;gif;jpg;jpeg;jpe;resx;tiff;tif;png;wav</Extensions>
    </Filter>
  </ItemGroup>
  <ItemGroup>
    <None Include="ReadMe.txt" />
  </ItemGroup>
  <ItemGroup>
    <ClCompile Include="RProduct.cpp">
      <Filter>Source Files</Filter>
    </ClCompile>
    <ClCompile Include="RProductExportFunction.cpp">
      <Filter>Source Files</Filter>
    </ClCompile>
    <ClCompile Include="CProductShareVariables.cpp">
      <Filter>Source Files</Filter>
    </ClCompile>
    <ClCompile Include="CProductIOControl.cpp">
      <Filter>Source Files</Filter>
    </ClCompile>
    <ClCompile Include="CProductMotorControl.cpp">
      <Filter>Source Files</Filter>
    </ClCompile>
    <ClCompile Include="CProductStateControl.cpp">
      <Filter>Source Files</Filter>
    </ClCompile>
    <ClCompile Include="CProductSequence.cpp">
      <Filter>Source Files</Filter>
    </ClCompile>
    <ClCompile Include="CProductThread.cpp">
      <Filter>Source Files</Filter>
    </ClCompile>
    <ClCompile Include="CProductMain.cpp">
      <Filter>Source Files</Filter>
    </ClCompile>
    <ClCompile Include="CProductSequencePickAndPlace1.cpp">
      <Filter>Source Files</Filter>
    </ClCompile>
    <ClCompile Include="CProductSequencePickAndPlace2.cpp">
      <Filter>Source Files</Filter>
    </ClCompile>
    <ClCompile Include="CProductSequenceInputTrayTable.cpp">
      <Filter>Source Files</Filter>
    </ClCompile>
    <ClCompile Include="CProductSequenceOutputAndRejectTrayTable.cpp">
      <Filter>Source Files</Filter>
    </ClCompile>
  </ItemGroup>
  <ItemGroup>
    <ClInclude Include="..\Include\CProductIOControl.h">
      <Filter>Header Files</Filter>
    </ClInclude>
    <ClInclude Include="..\Include\CProductMain.h">
      <Filter>Header Files</Filter>
    </ClInclude>
    <ClInclude Include="..\Include\CProductMotorControl.h">
      <Filter>Header Files</Filter>
    </ClInclude>
    <ClInclude Include="..\Include\CProductSequence.h">
      <Filter>Header Files</Filter>
    </ClInclude>
    <ClInclude Include="..\Include\CProductSharedMemory.h">
      <Filter>Header Files</Filter>
    </ClInclude>
    <ClInclude Include="..\Include\CProductShareVariables.h">
      <Filter>Header Files</Filter>
    </ClInclude>
    <ClInclude Include="..\Include\CProductStateControl.h">
      <Filter>Header Files</Filter>
    </ClInclude>
    <ClInclude Include="..\Include\CProductThread.h">
      <Filter>Header Files</Filter>
    </ClInclude>
    <ClInclude Include="..\Include\RProduct.h">
      <Filter>Header Files</Filter>
    </ClInclude>
    <ClInclude Include="..\Include\ProductSequence.h">
      <Filter>Header Files</Filter>
    </ClInclude>
  </ItemGroup>
</Project>